
Microsoft Visual Studio Solution File, Format Version 12.00
# Visual Studio Version 16
VisualStudioVersion = 16.0.31729.503
MinimumVisualStudioVersion = 10.0.40219.1
Project("{FAE04EC0-301F-11D3-BF4B-00C04F79EFBC}") = "Common", "Common\Common.csproj", "{B22B9650-DC86-4495-90B3-0286A2B67643}"
EndProject
Project("{FAE04EC0-301F-11D3-BF4B-00C04F79EFBC}") = "Client", "Client\Client.csproj", "{9C5ECAAC-AC01-47E7-9932-8052F825244B}"
	ProjectSection(ProjectDependencies) = postProject
		{B22B9650-DC86-4495-90B3-0286A2B67643} = {B22B9650-DC86-4495-90B3-0286A2B67643}
	EndProjectSection
EndProject
Project("{FAE04EC0-301F-11D3-BF4B-00C04F79EFBC}") = "MasterServer", "MasterServer\MasterServer.csproj", "{C668A900-60FE-47EE-8CCA-88CB6333491F}"
	ProjectSection(ProjectDependencies) = postProject
		{B22B9650-DC86-4495-90B3-0286A2B67643} = {B22B9650-DC86-4495-90B3-0286A2B67643}
		{9C5ECAAC-AC01-47E7-9932-8052F825244B} = {9C5ECAAC-AC01-47E7-9932-8052F825244B}
	EndProjectSection
EndProject
Project("{FAE04EC0-301F-11D3-BF4B-00C04F79EFBC}") = "Server", "Server\Server.csproj", "{B13916BF-A7FB-4AD2-BDBC-ACB353C059AB}"
	ProjectSection(ProjectDependencies) = postProject
		{B22B9650-DC86-4495-90B3-0286A2B67643} = {B22B9650-DC86-4495-90B3-0286A2B67643}
	EndProjectSection
EndProject
Project("{FAE04EC0-301F-11D3-BF4B-00C04F79EFBC}") = "Server2", "Server2\Server2.csproj", "{351CD422-C082-4CBD-B66B-1142FB1EED3B}"
EndProject
Project("{FAE04EC0-301F-11D3-BF4B-00C04F79EFBC}") = "Server3", "Server3\Server3.csproj", "{FEC0D375-E4A7-44A4-BC3C-A2B70E917ABB}"
EndProject
Project("{FAE04EC0-301F-11D3-BF4B-00C04F79EFBC}") = "WebApplicationData", "WebApplicationData\WebApplicationData.csproj", "{DC718255-5254-437F-B891-766A8314B4FC}"
EndProject
Global
	GlobalSection(SolutionConfigurationPlatforms) = preSolution
		Debug|Any CPU = Debug|Any CPU
		Release|Any CPU = Release|Any CPU
	EndGlobalSection
	GlobalSection(ProjectConfigurationPlatforms) = postSolution
		{B22B9650-DC86-4495-90B3-0286A2B67643}.Debug|Any CPU.ActiveCfg = Debug|Any CPU
		{B22B9650-DC86-4495-90B3-0286A2B67643}.Debug|Any CPU.Build.0 = Debug|Any CPU
		{B22B9650-DC86-4495-90B3-0286A2B67643}.Release|Any CPU.ActiveCfg = Release|Any CPU
		{B22B9650-DC86-4495-90B3-0286A2B67643}.Release|Any CPU.Build.0 = Release|Any CPU
		{9C5ECAAC-AC01-47E7-9932-8052F825244B}.Debug|Any CPU.ActiveCfg = Debug|Any CPU
		{9C5ECAAC-AC01-47E7-9932-8052F825244B}.Debug|Any CPU.Build.0 = Debug|Any CPU
		{9C5ECAAC-AC01-47E7-9932-8052F825244B}.Release|Any CPU.ActiveCfg = Release|Any CPU
		{9C5ECAAC-AC01-47E7-9932-8052F825244B}.Release|Any CPU.Build.0 = Release|Any CPU
		{C668A900-60FE-47EE-8CCA-88CB6333491F}.Debug|Any CPU.ActiveCfg = Debug|Any CPU
		{C668A900-60FE-47EE-8CCA-88CB6333491F}.Debug|Any CPU.Build.0 = Debug|Any CPU
		{C668A900-60FE-47EE-8CCA-88CB6333491F}.Release|Any CPU.ActiveCfg = Release|Any CPU
		{C668A900-60FE-47EE-8CCA-88CB6333491F}.Release|Any CPU.Build.0 = Release|Any CPU
		{B13916BF-A7FB-4AD2-BDBC-ACB353C059AB}.Debug|Any CPU.ActiveCfg = Debug|Any CPU
		{B13916BF-A7FB-4AD2-BDBC-ACB353C059AB}.Debug|Any CPU.Build.0 = Debug|Any CPU
		{B13916BF-A7FB-4AD2-BDBC-ACB353C059AB}.Release|Any CPU.ActiveCfg = Release|Any CPU
		{B13916BF-A7FB-4AD2-BDBC-ACB353C059AB}.Release|Any CPU.Build.0 = Release|Any CPU
		{351CD422-C082-4CBD-B66B-1142FB1EED3B}.Debug|Any CPU.ActiveCfg = Debug|Any CPU
		{351CD422-C082-4CBD-B66B-1142FB1EED3B}.Debug|Any CPU.Build.0 = Debug|Any CPU
		{351CD422-C082-4CBD-B66B-1142FB1EED3B}.Release|Any CPU.ActiveCfg = Release|Any CPU
		{351CD422-C082-4CBD-B66B-1142FB1EED3B}.Release|Any CPU.Build.0 = Release|Any CPU
		{FEC0D375-E4A7-44A4-BC3C-A2B70E917ABB}.Debug|Any CPU.ActiveCfg = Debug|Any CPU
		{FEC0D375-E4A7-44A4-BC3C-A2B70E917ABB}.Debug|Any CPU.Build.0 = Debug|Any CPU
		{FEC0D375-E4A7-44A4-BC3C-A2B70E917ABB}.Release|Any CPU.ActiveCfg = Release|Any CPU
		{FEC0D375-E4A7-44A4-BC3C-A2B70E917ABB}.Release|Any CPU.Build.0 = Release|Any CPU
		{DC718255-5254-437F-B891-766A8314B4FC}.Debug|Any CPU.ActiveCfg = Debug|Any CPU
		{DC718255-5254-437F-B891-766A8314B4FC}.Debug|Any CPU.Build.0 = Debug|Any CPU
		{DC718255-5254-437F-B891-766A8314B4FC}.Release|Any CPU.ActiveCfg = Release|Any CPU
		{DC718255-5254-437F-B891-766A8314B4FC}.Release|Any CPU.Build.0 = Release|Any CPU
	EndGlobalSection
	GlobalSection(SolutionProperties) = preSolution
		HideSolutionNode = FALSE
	EndGlobalSection
	GlobalSection(ExtensibilityGlobals) = postSolution
		SolutionGuid = {146D4F2C-76F2-41BB-9AE3-459D51968F82}
	EndGlobalSection
EndGlobal
